
Microsoft Visual Studio Solution File, Format Version 12.00
# Visual Studio 15
Project("{FAE04EC0-301F-11D3-BF4B-00C04F79EFBC}") = "Assembly-CSharp", "Assembly-CSharp.csproj", "{07CD6B14-ECB8-E9A8-B52C-AF027411C07F}"
EndProject
Project("{FAE04EC0-301F-11D3-BF4B-00C04F79EFBC}") = "Assembly-CSharp-Editor", "Assembly-CSharp-Editor.csproj", "{D3A157A8-3CB0-0CA7-5CC1-CC88C3BE34FB}"
EndProject
Global
	GlobalSection(SolutionConfigurationPlatforms) = preSolution
		Debug|Any CPU = Debug|Any CPU
		Release|Any CPU = Release|Any CPU
	EndGlobalSection
	GlobalSection(ProjectConfigurationPlatforms) = postSolution
		{07CD6B14-ECB8-E9A8-B52C-AF027411C07F}.Debug|Any CPU.ActiveCfg = Debug|Any CPU
		{07CD6B14-ECB8-E9A8-B52C-AF027411C07F}.Debug|Any CPU.Build.0 = Debug|Any CPU
		{07CD6B14-ECB8-E9A8-B52C-AF027411C07F}.Release|Any CPU.ActiveCfg = Release|Any CPU
		{07CD6B14-ECB8-E9A8-B52C-AF027411C07F}.Release|Any CPU.Build.0 = Release|Any CPU
		{D3A157A8-3CB0-0CA7-5CC1-CC88C3BE34FB}.Debug|Any CPU.ActiveCfg = Debug|Any CPU
		{D3A157A8-3CB0-0CA7-5CC1-CC88C3BE34FB}.Debug|Any CPU.Build.0 = Debug|Any CPU
		{D3A157A8-3CB0-0CA7-5CC1-CC88C3BE34FB}.Release|Any CPU.ActiveCfg = Release|Any CPU
		{D3A157A8-3CB0-0CA7-5CC1-CC88C3BE34FB}.Release|Any CPU.Build.0 = Release|Any CPU
	EndGlobalSection
	GlobalSection(SolutionProperties) = preSolution
		HideSolutionNode = FALSE
	EndGlobalSection
EndGlobal
